// !$*UTF8*$!
{
	archiveVersion = 1;
	classes = {
	};
	objectVersion = 46;
	objects = {

/* Begin PBXBuildFile section */
		253F5C9719CD4C05007779D2 /* AppDelegate.swift in Sources */ = {isa = PBXBuildFile; fileRef = 253F5C9619CD4C05007779D2 /* AppDelegate.swift */; };
		253F5C9919CD4C05007779D2 /* ViewController.swift in Sources */ = {isa = PBXBuildFile; fileRef = 253F5C9819CD4C05007779D2 /* ViewController.swift */; };
		253F5C9C19CD4C05007779D2 /* Main.storyboard in Resources */ = {isa = PBXBuildFile; fileRef = 253F5C9A19CD4C05007779D2 /* Main.storyboard */; };
		253F5C9E19CD4C05007779D2 /* Images.xcassets in Resources */ = {isa = PBXBuildFile; fileRef = 253F5C9D19CD4C05007779D2 /* Images.xcassets */; };
		253F5CA119CD4C05007779D2 /* LaunchScreen.xib in Resources */ = {isa = PBXBuildFile; fileRef = 253F5C9F19CD4C05007779D2 /* LaunchScreen.xib */; };
		253F5CAD19CD4C05007779D2 /* MyListTests.swift in Sources */ = {isa = PBXBuildFile; fileRef = 253F5CAC19CD4C05007779D2 /* MyListTests.swift */; };
		253F5CB719CD505F007779D2 /* MyListTableViewController.swift in Sources */ = {isa = PBXBuildFile; fileRef = 253F5CB619CD505F007779D2 /* MyListTableViewController.swift */; };
		253F5CB919CD5B6F007779D2 /* Book.swift in Sources */ = {isa = PBXBuildFile; fileRef = 253F5CB819CD5B6F007779D2 /* Book.swift */; };
/* End PBXBuildFile section */

/* Begin PBXContainerItemProxy section */
		253F5CA719CD4C05007779D2 /* PBXContainerItemProxy */ = {
			isa = PBXContainerItemProxy;
			containerPortal = 253F5C8919CD4C05007779D2 /* Project object */;
			proxyType = 1;
			remoteGlobalIDString = 253F5C9019CD4C05007779D2;
			remoteInfo = MyList;
		};
/* End PBXContainerItemProxy section */

/* Begin PBXFileReference section */
		253F5C9119CD4C05007779D2 /* MyList.app */ = {isa = PBXFileReference; explicitFileType = wrapper.application; includeInIndex = 0; path = MyList.app; sourceTree = BUILT_PRODUCTS_DIR; };
		253F5C9519CD4C05007779D2 /* Info.plist */ = {isa = PBXFileReference; lastKnownFileType = text.plist.xml; path = Info.plist; sourceTree = "<group>"; };
		253F5C9619CD4C05007779D2 /* AppDelegate.swift */ = {isa = PBXFileReference; lastKnownFileType = sourcecode.swift; path = AppDelegate.swift; sourceTree = "<group>"; };
		253F5C9819CD4C05007779D2 /* ViewController.swift */ = {isa = PBXFileReference; lastKnownFileType = sourcecode.swift; path = ViewController.swift; sourceTree = "<group>"; };
		253F5C9B19CD4C05007779D2 /* Base */ = {isa = PBXFileReference; lastKnownFileType = file.storyboard; name = Base; path = Base.lproj/Main.storyboard; sourceTree = "<group>"; };
		253F5C9D19CD4C05007779D2 /* Images.xcassets */ = {isa = PBXFileReference; lastKnownFileType = folder.assetcatalog; path = Images.xcassets; sourceTree = "<group>"; };
		253F5CA019CD4C05007779D2 /* Base */ = {isa = PBXFileReference; lastKnownFileType = file.xib; name = Base; path = Base.lproj/LaunchScreen.xib; sourceTree = "<group>"; };
		253F5CA619CD4C05007779D2 /* MyListTests.xctest */ = {isa = PBXFileReference; explicitFileType = wrapper.cfbundle; includeInIndex = 0; path = MyListTests.xctest; sourceTree = BUILT_PRODUCTS_DIR; };
		253F5CAB19CD4C05007779D2 /* Info.plist */ = {isa = PBXFileReference; lastKnownFileType = text.plist.xml; path = Info.plist; sourceTree = "<group>"; };
		253F5CAC19CD4C05007779D2 /* MyListTests.swift */ = {isa = PBXFileReference; lastKnownFileType = sourcecode.swift; path = MyListTests.swift; sourceTree = "<group>"; };
		253F5CB619CD505F007779D2 /* MyListTableViewController.swift */ = {isa = PBXFileReference; fileEncoding = 4; lastKnownFileType = sourcecode.swift; path = MyListTableViewController.swift; sourceTree = "<group>"; };
		253F5CB819CD5B6F007779D2 /* Book.swift */ = {isa = PBXFileReference; fileEncoding = 4; lastKnownFileType = sourcecode.swift; path = Book.swift; sourceTree = "<group>"; };
/* End PBXFileReference section */

/* Begin PBXFrameworksBuildPhase section */
		253F5C8E19CD4C05007779D2 /* Frameworks */ = {
			isa = PBXFrameworksBuildPhase;
			buildActionMask = 2147483647;
			files = (
			);
			runOnlyForDeploymentPostprocessing = 0;
		};
		253F5CA319CD4C05007779D2 /* Frameworks */ = {
			isa = PBXFrameworksBuildPhase;
			buildActionMask = 2147483647;
			files = (
			);
			runOnlyForDeploymentPostprocessing = 0;
		};
/* End PBXFrameworksBuildPhase section */

/* Begin PBXGroup section */
		253F5C8819CD4C05007779D2 = {
			isa = PBXGroup;
			children = (
				253F5C9319CD4C05007779D2 /* MyList */,
				253F5CA919CD4C05007779D2 /* MyListTests */,
				253F5C9219CD4C05007779D2 /* Products */,
			);
			sourceTree = "<group>";
		};
		253F5C9219CD4C05007779D2 /* Products */ = {
			isa = PBXGroup;
			children = (
				253F5C9119CD4C05007779D2 /* MyList.app */,
				253F5CA619CD4C05007779D2 /* MyListTests.xctest */,
			);
			name = Products;
			sourceTree = "<group>";
		};
		253F5C9319CD4C05007779D2 /* MyList */ = {
			isa = PBXGroup;
			children = (
				253F5C9619CD4C05007779D2 /* AppDelegate.swift */,
				253F5C9819CD4C05007779D2 /* ViewController.swift */,
				253F5C9A19CD4C05007779D2 /* Main.storyboard */,
				253F5CB619CD505F007779D2 /* MyListTableViewController.swift */,
				253F5CB819CD5B6F007779D2 /* Book.swift */,
				253F5C9D19CD4C05007779D2 /* Images.xcassets */,
				253F5C9F19CD4C05007779D2 /* LaunchScreen.xib */,
				253F5C9419CD4C05007779D2 /* Supporting Files */,
			);
			path = MyList;
			sourceTree = "<group>";
		};
		253F5C9419CD4C05007779D2 /* Supporting Files */ = {
			isa = PBXGroup;
			children = (
				253F5C9519CD4C05007779D2 /* Info.plist */,
			);
			name = "Supporting Files";
			sourceTree = "<group>";
		};
		253F5CA919CD4C05007779D2 /* MyListTests */ = {
			isa = PBXGroup;
			children = (
				253F5CAC19CD4C05007779D2 /* MyListTests.swift */,
				253F5CAA19CD4C05007779D2 /* Supporting Files */,
			);
			path = MyListTests;
			sourceTree = "<group>";
		};
		253F5CAA19CD4C05007779D2 /* Supporting Files */ = {
			isa = PBXGroup;
			children = (
				253F5CAB19CD4C05007779D2 /* Info.plist */,
			);
			name = "Supporting Files";
			sourceTree = "<group>";
		};
/* End PBXGroup section */

/* Begin PBXNativeTarget section */
		253F5C9019CD4C05007779D2 /* MyList */ = {
			isa = PBXNativeTarget;
			buildConfigurationList = 253F5CB019CD4C05007779D2 /* Build configuration list for PBXNativeTarget "MyList" */;
			buildPhases = (
				253F5C8D19CD4C05007779D2 /* Sources */,
				253F5C8E19CD4C05007779D2 /* Frameworks */,
				253F5C8F19CD4C05007779D2 /* Resources */,
			);
			buildRules = (
			);
			dependencies = (
			);
			name = MyList;
			productName = MyList;
			productReference = 253F5C9119CD4C05007779D2 /* MyList.app */;
			productType = "com.apple.product-type.application";
		};
		253F5CA519CD4C05007779D2 /* MyListTests */ = {
			isa = PBXNativeTarget;
			buildConfigurationList = 253F5CB319CD4C05007779D2 /* Build configuration list for PBXNativeTarget "MyListTests" */;
			buildPhases = (
				253F5CA219CD4C05007779D2 /* Sources */,
				253F5CA319CD4C05007779D2 /* Frameworks */,
				253F5CA419CD4C05007779D2 /* Resources */,
			);
			buildRules = (
			);
			dependencies = (
				253F5CA819CD4C05007779D2 /* PBXTargetDependency */,
			);
			name = MyListTests;
			productName = MyListTests;
			productReference = 253F5CA619CD4C05007779D2 /* MyListTests.xctest */;
			productType = "com.apple.product-type.bundle.unit-test";
		};
/* End PBXNativeTarget section */

/* Begin PBXProject section */
		253F5C8919CD4C05007779D2 /* Project object */ = {
			isa = PBXProject;
			attributes = {
				LastUpgradeCheck = 0600;
				ORGANIZATIONNAME = "Torques Inc.";
				TargetAttributes = {
					253F5C9019CD4C05007779D2 = {
						CreatedOnToolsVersion = 6.0.1;
					};
					253F5CA519CD4C05007779D2 = {
						CreatedOnToolsVersion = 6.0.1;
						TestTargetID = 253F5C9019CD4C05007779D2;
					};
				};
			};
			buildConfigurationList = 253F5C8C19CD4C05007779D2 /* Build configuration list for PBXProject "MyList" */;
			compatibilityVersion = "Xcode 3.2";
			developmentRegion = English;
			hasScannedForEncodings = 0;
			knownRegions = (
				en,
				Base,
			);
			mainGroup = 253F5C8819CD4C05007779D2;
			productRefGroup = 253F5C9219CD4C05007779D2 /* Products */;
			projectDirPath = "";
			projectRoot = "";
			targets = (
				253F5C9019CD4C05007779D2 /* MyList */,
				253F5CA519CD4C05007779D2 /* MyListTests */,
			);
		};
/* End PBXProject section */

/* Begin PBXResourcesBuildPhase section */
		253F5C8F19CD4C05007779D2 /* Resources */ = {
			isa = PBXResourcesBuildPhase;
			buildActionMask = 2147483647;
			files = (
				253F5C9C19CD4C05007779D2 /* Main.storyboard in Resources */,
				253F5CA119CD4C05007779D2 /* LaunchScreen.xib in Resources */,
				253F5C9E19CD4C05007779D2 /* Images.xcassets in Resources */,
			);
			runOnlyForDeploymentPostprocessing = 0;
		};
		253F5CA419CD4C05007779D2 /* Resources */ = {
			isa = PBXResourcesBuildPhase;
			buildActionMask = 2147483647;
			files = (
			);
			runOnlyForDeploymentPostprocessing = 0;
		};
/* End PBXResourcesBuildPhase section */

/* Begin PBXSourcesBuildPhase section */
		253F5C8D19CD4C05007779D2 /* Sources */ = {
			isa = PBXSourcesBuildPhase;
			buildActionMask = 2147483647;
			files = (
				253F5CB919CD5B6F007779D2 /* Book.swift in Sources */,
				253F5CB719CD505F007779D2 /* MyListTableViewController.swift in Sources */,
				253F5C9919CD4C05007779D2 /* ViewController.swift in Sources */,
				253F5C9719CD4C05007779D2 /* AppDelegate.swift in Sources */,
			);
			runOnlyForDeploymentPostprocessing = 0;
		};
		253F5CA219CD4C05007779D2 /* Sources */ = {
			isa = PBXSourcesBuildPhase;
			buildActionMask = 2147483647;
			files = (
				253F5CAD19CD4C05007779D2 /* MyListTests.swift in Sources */,
			);
			runOnlyForDeploymentPostprocessing = 0;
		};
/* End PBXSourcesBuildPhase section */

/* Begin PBXTargetDependency section */
		253F5CA819CD4C05007779D2 /* PBXTargetDependency */ = {
			isa = PBXTargetDependency;
			target = 253F5C9019CD4C05007779D2 /* MyList */;
			targetProxy = 253F5CA719CD4C05007779D2 /* PBXContainerItemProxy */;
		};
/* End PBXTargetDependency section */

/* Begin PBXVariantGroup section */
		253F5C9A19CD4C05007779D2 /* Main.storyboard */ = {
			isa = PBXVariantGroup;
			children = (
				253F5C9B19CD4C05007779D2 /* Base */,
			);
			name = Main.storyboard;
			sourceTree = "<group>";
		};
		253F5C9F19CD4C05007779D2 /* LaunchScreen.xib */ = {
			isa = PBXVariantGroup;
			children = (
				253F5CA019CD4C05007779D2 /* Base */,
			);
			name = LaunchScreen.xib;
			sourceTree = "<group>";
		};
/* End PBXVariantGroup section */

/* Begin XCBuildConfiguration section */
		253F5CAE19CD4C05007779D2 /* Debug */ = {
			isa = XCBuildConfiguration;
			buildSettings = {
				ALWAYS_SEARCH_USER_PATHS = NO;
				CLANG_CXX_LANGUAGE_STANDARD = "gnu++0x";
				CLANG_CXX_LIBRARY = "libc++";
				CLANG_ENABLE_MODULES = YES;
				CLANG_ENABLE_OBJC_ARC = YES;
				CLANG_WARN_BOOL_CONVERSION = YES;
				CLANG_WARN_CONSTANT_CONVERSION = YES;
				CLANG_WARN_DIRECT_OBJC_ISA_USAGE = YES_ERROR;
				CLANG_WARN_EMPTY_BODY = YES;
				CLANG_WARN_ENUM_CONVERSION = YES;
				CLANG_WARN_INT_CONVERSION = YES;
				CLANG_WARN_OBJC_ROOT_CLASS = YES_ERROR;
				CLANG_WARN_UNREACHABLE_CODE = YES;
				CLANG_WARN__DUPLICATE_METHOD_MATCH = YES;
				"CODE_SIGN_IDENTITY[sdk=iphoneos*]" = "iPhone Developer";
				COPY_PHASE_STRIP = NO;
				ENABLE_STRICT_OBJC_MSGSEND = YES;
				GCC_C_LANGUAGE_STANDARD = gnu99;
				GCC_DYNAMIC_NO_PIC = NO;
				GCC_OPTIMIZATION_LEVEL = 0;
				GCC_PREPROCESSOR_DEFINITIONS = (
					"DEBUG=1",
					"$(inherited)",
				);
				GCC_SYMBOLS_PRIVATE_EXTERN = NO;
				GCC_WARN_64_TO_32_BIT_CONVERSION = YES;
				GCC_WARN_ABOUT_RETURN_TYPE = YES_ERROR;
				GCC_WARN_UNDECLARED_SELECTOR = YES;
				GCC_WARN_UNINITIALIZED_AUTOS = YES_AGGRESSIVE;
				GCC_WARN_UNUSED_FUNCTION = YES;
				GCC_WARN_UNUSED_VARIABLE = YES;
				IPHONEOS_DEPLOYMENT_TARGET = 8.0;
				MTL_ENABLE_DEBUG_INFO = YES;
				ONLY_ACTIVE_ARCH = YES;
				SDKROOT = iphoneos;
				SWIFT_OPTIMIZATION_LEVEL = "-Onone";
			};
			name = Debug;
		};
		253F5CAF19CD4C05007779D2 /* Release */ = {
			isa = XCBuildConfiguration;
			buildSettings = {
				ALWAYS_SEARCH_USER_PATHS = NO;
				CLANG_CXX_LANGUAGE_STANDARD = "gnu++0x";
				CLANG_CXX_LIBRARY = "libc++";
				CLANG_ENABLE_MODULES = YES;
				CLANG_ENABLE_OBJC_ARC = YES;
				CLANG_WARN_BOOL_CONVERSION = YES;
				CLANG_WARN_CONSTANT_CONVERSION = YES;
				CLANG_WARN_DIRECT_OBJC_ISA_USAGE = YES_ERROR;
				CLANG_WARN_EMPTY_BODY = YES;
				CLANG_WARN_ENUM_CONVERSION = YES;
				CLANG_WARN_INT_CONVERSION = YES;
				CLANG_WARN_OBJC_ROOT_CLASS = YES_ERROR;
				CLANG_WARN_UNREACHABLE_CODE = YES;
				CLANG_WARN__DUPLICATE_METHOD_MATCH = YES;
				"CODE_SIGN_IDENTITY[sdk=iphoneos*]" = "iPhone Developer";
				COPY_PHASE_STRIP = YES;
				ENABLE_NS_ASSERTIONS = NO;
				ENABLE_STRICT_OBJC_MSGSEND = YES;
				GCC_C_LANGUAGE_STANDARD = gnu99;
				GCC_WARN_64_TO_32_BIT_CONVERSION = YES;
				GCC_WARN_ABOUT_RETURN_TYPE = YES_ERROR;
				GCC_WARN_UNDECLARED_SELECTOR = YES;
				GCC_WARN_UNINITIALIZED_AUTOS = YES_AGGRESSIVE;
				GCC_WARN_UNUSED_FUNCTION = YES;
				GCC_WARN_UNUSED_VARIABLE = YES;
				IPHONEOS_DEPLOYMENT_TARGET = 8.0;
				MTL_ENABLE_DEBUG_INFO = NO;
				SDKROOT = iphoneos;
				VALIDATE_PRODUCT = YES;
			};
			name = Release;
		};
		253F5CB119CD4C05007779D2 /* Debug */ = {
			isa = XCBuildConfiguration;
			buildSettings = {
				ASSETCATALOG_COMPILER_APPICON_NAME = AppIcon;
				INFOPLIST_FILE = MyList/Info.plist;
				LD_RUNPATH_SEARCH_PATHS = "$(inherited) @executable_path/Frameworks";
				PRODUCT_NAME = "$(TARGET_NAME)";
			};
			name = Debug;
		};
		253F5CB219CD4C05007779D2 /* Release */ = {
			isa = XCBuildConfiguration;
			buildSettings = {
				ASSETCATALOG_COMPILER_APPICON_NAME = AppIcon;
				INFOPLIST_FILE = MyList/Info.plist;
				LD_RUNPATH_SEARCH_PATHS = "$(inherited) @executable_path/Frameworks";
				PRODUCT_NAME = "$(TARGET_NAME)";
			};
			name = Release;
		};
		253F5CB419CD4C05007779D2 /* Debug */ = {
			isa = XCBuildConfiguration;
			buildSettings = {
				BUNDLE_LOADER = "$(TEST_HOST)";
				FRAMEWORK_SEARCH_PATHS = (
					"$(SDKROOT)/Developer/Library/Frameworks",
					"$(inherited)",
				);
				GCC_PREPROCESSOR_DEFINITIONS = (
					"DEBUG=1",
					"$(inherited)",
				);
				INFOPLIST_FILE = MyListTests/Info.plist;
				LD_RUNPATH_SEARCH_PATHS = "$(inherited) @executable_path/Frameworks @loader_path/Frameworks";
				PRODUCT_NAME = "$(TARGET_NAME)";
				TEST_HOST = "$(BUILT_PRODUCTS_DIR)/MyList.app/MyList";
			};
			name = Debug;
		};
		253F5CB519CD4C05007779D2 /* Release */ = {
			isa = XCBuildConfiguration;
			buildSettings = {
				BUNDLE_LOADER = "$(TEST_HOST)";
				FRAMEWORK_SEARCH_PATHS = (
					"$(SDKROOT)/Developer/Library/Frameworks",
					"$(inherited)",
				);
				INFOPLIST_FILE = MyListTests/Info.plist;
				LD_RUNPATH_SEARCH_PATHS = "$(inherited) @executable_path/Frameworks @loader_path/Frameworks";
				PRODUCT_NAME = "$(TARGET_NAME)";
				TEST_HOST = "$(BUILT_PRODUCTS_DIR)/MyList.app/MyList";
			};
			name = Release;
		};
/* End XCBuildConfiguration section */

/* Begin XCConfigurationList section */
		253F5C8C19CD4C05007779D2 /* Build configuration list for PBXProject "MyList" */ = {
			isa = XCConfigurationList;
			buildConfigurations = (
				253F5CAE19CD4C05007779D2 /* Debug */,
				253F5CAF19CD4C05007779D2 /* Release */,
			);
			defaultConfigurationIsVisible = 0;
			defaultConfigurationName = Release;
		};
		253F5CB019CD4C05007779D2 /* Build configuration list for PBXNativeTarget "MyList" */ = {
			isa = XCConfigurationList;
			buildConfigurations = (
				253F5CB119CD4C05007779D2 /* Debug */,
				253F5CB219CD4C05007779D2 /* Release */,
			);
			defaultConfigurationIsVisible = 0;
		};
		253F5CB319CD4C05007779D2 /* Build configuration list for PBXNativeTarget "MyListTests" */ = {
			isa = XCConfigurationList;
			buildConfigurations = (
				253F5CB419CD4C05007779D2 /* Debug */,
				253F5CB519CD4C05007779D2 /* Release */,
			);
			defaultConfigurationIsVisible = 0;
		};
/* End XCConfigurationList section */
	};
	rootObject = 253F5C8919CD4C05007779D2 /* Project object */;
}
